
Microsoft Visual Studio Solution File, Format Version 12.00
# Visual Studio 14
VisualStudioVersion = 14.0.25420.1
MinimumVisualStudioVersion = 10.0.40219.1
Project("{FAE04EC0-301F-11D3-BF4B-00C04F79EFBC}") = "Player", "Player\Player.csproj", "{04D1A86E-CBEC-45C2-9B72-EFFFB3DE65BE}"
EndProject
Global
	GlobalSection(SolutionConfigurationPlatforms) = preSolution
		Debug|Any CPU = Debug|Any CPU
		Release|Any CPU = Release|Any CPU
	EndGlobalSection
	GlobalSection(ProjectConfigurationPlatforms) = postSolution
		{04D1A86E-CBEC-45C2-9B72-EFFFB3DE65BE}.Debug|Any CPU.ActiveCfg = Debug|Any CPU
		{04D1A86E-CBEC-45C2-9B72-EFFFB3DE65BE}.Debug|Any CPU.Build.0 = Debug|Any CPU
		{04D1A86E-CBEC-45C2-9B72-EFFFB3DE65BE}.Release|Any CPU.ActiveCfg = Release|Any CPU
		{04D1A86E-CBEC-45C2-9B72-EFFFB3DE65BE}.Release|Any CPU.Build.0 = Release|Any CPU
	EndGlobalSection
	GlobalSection(SolutionProperties) = preSolution
		HideSolutionNode = FALSE
	EndGlobalSection
EndGlobal
